// !$*UTF8*$!
{
	archiveVersion = 1;
	classes = {
	};
	objectVersion = 56;
	objects = {

/* Begin PBXBuildFile section */
		042CC9622B65AEF300DB506E /* RMLocation.swift in Sources */ = {isa = PBXBuildFile; fileRef = 042CC9612B65AEF300DB506E /* RMLocation.swift */; };
		042CC9642B65AF1A00DB506E /* RMCharacter.swift in Sources */ = {isa = PBXBuildFile; fileRef = 042CC9632B65AF1A00DB506E /* RMCharacter.swift */; };
		042CC9662B65AF2D00DB506E /* RMEpisode.swift in Sources */ = {isa = PBXBuildFile; fileRef = 042CC9652B65AF2D00DB506E /* RMEpisode.swift */; };
		042CC9692B65B00100DB506E /* RMCharacterViewController.swift in Sources */ = {isa = PBXBuildFile; fileRef = 042CC9682B65B00100DB506E /* RMCharacterViewController.swift */; };
		042CC96B2B65B01A00DB506E /* RMEpisodeViewController.swift in Sources */ = {isa = PBXBuildFile; fileRef = 042CC96A2B65B01A00DB506E /* RMEpisodeViewController.swift */; };
		042CC96D2B65B02900DB506E /* RMLocationViewController.swift in Sources */ = {isa = PBXBuildFile; fileRef = 042CC96C2B65B02900DB506E /* RMLocationViewController.swift */; };
		042CC96F2B65B03D00DB506E /* RMSettingsViewController.swift in Sources */ = {isa = PBXBuildFile; fileRef = 042CC96E2B65B03D00DB506E /* RMSettingsViewController.swift */; };
		049014BF2B5CCAC0002BCCDD /* AppDelegate.swift in Sources */ = {isa = PBXBuildFile; fileRef = 049014BE2B5CCAC0002BCCDD /* AppDelegate.swift */; };
		049014C12B5CCAC0002BCCDD /* SceneDelegate.swift in Sources */ = {isa = PBXBuildFile; fileRef = 049014C02B5CCAC0002BCCDD /* SceneDelegate.swift */; };
		049014C32B5CCAC0002BCCDD /* RMTabBarController.swift in Sources */ = {isa = PBXBuildFile; fileRef = 049014C22B5CCAC0002BCCDD /* RMTabBarController.swift */; };
		049014C82B5CCAC3002BCCDD /* Assets.xcassets in Resources */ = {isa = PBXBuildFile; fileRef = 049014C72B5CCAC3002BCCDD /* Assets.xcassets */; };
		049014CB2B5CCAC3002BCCDD /* LaunchScreen.storyboard in Resources */ = {isa = PBXBuildFile; fileRef = 049014C92B5CCAC3002BCCDD /* LaunchScreen.storyboard */; };
/* End PBXBuildFile section */

/* Begin PBXFileReference section */
		042CC9612B65AEF300DB506E /* RMLocation.swift */ = {isa = PBXFileReference; lastKnownFileType = sourcecode.swift; path = RMLocation.swift; sourceTree = "<group>"; };
		042CC9632B65AF1A00DB506E /* RMCharacter.swift */ = {isa = PBXFileReference; lastKnownFileType = sourcecode.swift; path = RMCharacter.swift; sourceTree = "<group>"; };
		042CC9652B65AF2D00DB506E /* RMEpisode.swift */ = {isa = PBXFileReference; lastKnownFileType = sourcecode.swift; path = RMEpisode.swift; sourceTree = "<group>"; };
		042CC9682B65B00100DB506E /* RMCharacterViewController.swift */ = {isa = PBXFileReference; lastKnownFileType = sourcecode.swift; path = RMCharacterViewController.swift; sourceTree = "<group>"; };
		042CC96A2B65B01A00DB506E /* RMEpisodeViewController.swift */ = {isa = PBXFileReference; lastKnownFileType = sourcecode.swift; path = RMEpisodeViewController.swift; sourceTree = "<group>"; };
		042CC96C2B65B02900DB506E /* RMLocationViewController.swift */ = {isa = PBXFileReference; lastKnownFileType = sourcecode.swift; path = RMLocationViewController.swift; sourceTree = "<group>"; };
		042CC96E2B65B03D00DB506E /* RMSettingsViewController.swift */ = {isa = PBXFileReference; lastKnownFileType = sourcecode.swift; path = RMSettingsViewController.swift; sourceTree = "<group>"; };
		049014BB2B5CCAC0002BCCDD /* RickAndMorty.app */ = {isa = PBXFileReference; explicitFileType = wrapper.application; includeInIndex = 0; path = RickAndMorty.app; sourceTree = BUILT_PRODUCTS_DIR; };
		049014BE2B5CCAC0002BCCDD /* AppDelegate.swift */ = {isa = PBXFileReference; lastKnownFileType = sourcecode.swift; path = AppDelegate.swift; sourceTree = "<group>"; };
		049014C02B5CCAC0002BCCDD /* SceneDelegate.swift */ = {isa = PBXFileReference; lastKnownFileType = sourcecode.swift; path = SceneDelegate.swift; sourceTree = "<group>"; };
		049014C22B5CCAC0002BCCDD /* RMTabBarController.swift */ = {isa = PBXFileReference; lastKnownFileType = sourcecode.swift; path = RMTabBarController.swift; sourceTree = "<group>"; };
		049014C72B5CCAC3002BCCDD /* Assets.xcassets */ = {isa = PBXFileReference; lastKnownFileType = folder.assetcatalog; path = Assets.xcassets; sourceTree = "<group>"; };
		049014CA2B5CCAC3002BCCDD /* Base */ = {isa = PBXFileReference; lastKnownFileType = file.storyboard; name = Base; path = Base.lproj/LaunchScreen.storyboard; sourceTree = "<group>"; };
		049014CC2B5CCAC3002BCCDD /* Info.plist */ = {isa = PBXFileReference; lastKnownFileType = text.plist.xml; path = Info.plist; sourceTree = "<group>"; };
/* End PBXFileReference section */

/* Begin PBXFrameworksBuildPhase section */
		049014B82B5CCAC0002BCCDD /* Frameworks */ = {
			isa = PBXFrameworksBuildPhase;
			buildActionMask = 2147483647;
			files = (
			);
			runOnlyForDeploymentPostprocessing = 0;
		};
/* End PBXFrameworksBuildPhase section */

/* Begin PBXGroup section */
		042CC9672B65AFD400DB506E /* Core */ = {
			isa = PBXGroup;
			children = (
				049014C22B5CCAC0002BCCDD /* RMTabBarController.swift */,
				042CC9682B65B00100DB506E /* RMCharacterViewController.swift */,
				042CC96A2B65B01A00DB506E /* RMEpisodeViewController.swift */,
				042CC96C2B65B02900DB506E /* RMLocationViewController.swift */,
				042CC96E2B65B03D00DB506E /* RMSettingsViewController.swift */,
			);
			path = Core;
			sourceTree = "<group>";
		};
		049014B22B5CCAC0002BCCDD = {
			isa = PBXGroup;
			children = (
				049014BD2B5CCAC0002BCCDD /* RickAndMortyApp */,
				049014BC2B5CCAC0002BCCDD /* Products */,
			);
			sourceTree = "<group>";
		};
		049014BC2B5CCAC0002BCCDD /* Products */ = {
			isa = PBXGroup;
			children = (
				049014BB2B5CCAC0002BCCDD /* RickAndMorty.app */,
			);
			name = Products;
			sourceTree = "<group>";
		};
		049014BD2B5CCAC0002BCCDD /* RickAndMortyApp */ = {
			isa = PBXGroup;
			children = (
				049014D82B5CCCDB002BCCDD /* Resources */,
				049014D72B5CCCC6002BCCDD /* Managers */,
				049014D62B5CCCB5002BCCDD /* ApiClient */,
				049014D52B5CCCA7002BCCDD /* ViewModels */,
				049014D42B5CCC97002BCCDD /* Views */,
				049014D32B5CCC67002BCCDD /* Models */,
				049014D22B5CCC52002BCCDD /* Controllers */,
				049014CC2B5CCAC3002BCCDD /* Info.plist */,
			);
			path = RickAndMortyApp;
			sourceTree = "<group>";
		};
		049014D22B5CCC52002BCCDD /* Controllers */ = {
			isa = PBXGroup;
			children = (
				042CC9672B65AFD400DB506E /* Core */,
			);
			path = Controllers;
			sourceTree = "<group>";
		};
		049014D32B5CCC67002BCCDD /* Models */ = {
			isa = PBXGroup;
			children = (
				042CC9612B65AEF300DB506E /* RMLocation.swift */,
				042CC9632B65AF1A00DB506E /* RMCharacter.swift */,
				042CC9652B65AF2D00DB506E /* RMEpisode.swift */,
			);
			path = Models;
			sourceTree = "<group>";
		};
		049014D42B5CCC97002BCCDD /* Views */ = {
			isa = PBXGroup;
			children = (
			);
			path = Views;
			sourceTree = "<group>";
		};
		049014D52B5CCCA7002BCCDD /* ViewModels */ = {
			isa = PBXGroup;
			children = (
			);
			path = ViewModels;
			sourceTree = "<group>";
		};
		049014D62B5CCCB5002BCCDD /* ApiClient */ = {
			isa = PBXGroup;
			children = (
			);
			path = ApiClient;
			sourceTree = "<group>";
		};
		049014D72B5CCCC6002BCCDD /* Managers */ = {
			isa = PBXGroup;
			children = (
			);
			path = Managers;
			sourceTree = "<group>";
		};
		049014D82B5CCCDB002BCCDD /* Resources */ = {
			isa = PBXGroup;
			children = (
				049014BE2B5CCAC0002BCCDD /* AppDelegate.swift */,
				049014C02B5CCAC0002BCCDD /* SceneDelegate.swift */,
				049014C72B5CCAC3002BCCDD /* Assets.xcassets */,
				049014C92B5CCAC3002BCCDD /* LaunchScreen.storyboard */,
			);
			path = Resources;
			sourceTree = "<group>";
		};
/* End PBXGroup section */

/* Begin PBXNativeTarget section */
		049014BA2B5CCAC0002BCCDD /* RickAndMorty */ = {
			isa = PBXNativeTarget;
			buildConfigurationList = 049014CF2B5CCAC3002BCCDD /* Build configuration list for PBXNativeTarget "RickAndMorty" */;
			buildPhases = (
				049014B72B5CCAC0002BCCDD /* Sources */,
				049014B82B5CCAC0002BCCDD /* Frameworks */,
				049014B92B5CCAC0002BCCDD /* Resources */,
			);
			buildRules = (
			);
			dependencies = (
			);
			name = RickAndMorty;
			productName = RickAndMortyApp;
			productReference = 049014BB2B5CCAC0002BCCDD /* RickAndMorty.app */;
			productType = "com.apple.product-type.application";
		};
/* End PBXNativeTarget section */

/* Begin PBXProject section */
		049014B32B5CCAC0002BCCDD /* Project object */ = {
			isa = PBXProject;
			attributes = {
				BuildIndependentTargetsInParallel = 1;
				LastSwiftUpdateCheck = 1510;
				LastUpgradeCheck = 1510;
				TargetAttributes = {
					049014BA2B5CCAC0002BCCDD = {
						CreatedOnToolsVersion = 15.1;
					};
				};
			};
			buildConfigurationList = 049014B62B5CCAC0002BCCDD /* Build configuration list for PBXProject "RickAndMorty" */;
			compatibilityVersion = "Xcode 14.0";
			developmentRegion = en;
			hasScannedForEncodings = 0;
			knownRegions = (
				en,
				Base,
			);
			mainGroup = 049014B22B5CCAC0002BCCDD;
			productRefGroup = 049014BC2B5CCAC0002BCCDD /* Products */;
			projectDirPath = "";
			projectRoot = "";
			targets = (
				049014BA2B5CCAC0002BCCDD /* RickAndMorty */,
			);
		};
/* End PBXProject section */

/* Begin PBXResourcesBuildPhase section */
		049014B92B5CCAC0002BCCDD /* Resources */ = {
			isa = PBXResourcesBuildPhase;
			buildActionMask = 2147483647;
			files = (
				049014CB2B5CCAC3002BCCDD /* LaunchScreen.storyboard in Resources */,
				049014C82B5CCAC3002BCCDD /* Assets.xcassets in Resources */,
			);
			runOnlyForDeploymentPostprocessing = 0;
		};
/* End PBXResourcesBuildPhase section */

/* Begin PBXSourcesBuildPhase section */
		049014B72B5CCAC0002BCCDD /* Sources */ = {
			isa = PBXSourcesBuildPhase;
			buildActionMask = 2147483647;
			files = (
				042CC96D2B65B02900DB506E /* RMLocationViewController.swift in Sources */,
				049014C32B5CCAC0002BCCDD /* RMTabBarController.swift in Sources */,
				049014BF2B5CCAC0002BCCDD /* AppDelegate.swift in Sources */,
				042CC9662B65AF2D00DB506E /* RMEpisode.swift in Sources */,
				042CC9622B65AEF300DB506E /* RMLocation.swift in Sources */,
				049014C12B5CCAC0002BCCDD /* SceneDelegate.swift in Sources */,
				042CC96F2B65B03D00DB506E /* RMSettingsViewController.swift in Sources */,
				042CC9642B65AF1A00DB506E /* RMCharacter.swift in Sources */,
				042CC9692B65B00100DB506E /* RMCharacterViewController.swift in Sources */,
				042CC96B2B65B01A00DB506E /* RMEpisodeViewController.swift in Sources */,
			);
			runOnlyForDeploymentPostprocessing = 0;
		};
/* End PBXSourcesBuildPhase section */

/* Begin PBXVariantGroup section */
		049014C92B5CCAC3002BCCDD /* LaunchScreen.storyboard */ = {
			isa = PBXVariantGroup;
			children = (
				049014CA2B5CCAC3002BCCDD /* Base */,
			);
			name = LaunchScreen.storyboard;
			sourceTree = "<group>";
		};
/* End PBXVariantGroup section */

/* Begin XCBuildConfiguration section */
		049014CD2B5CCAC3002BCCDD /* Debug */ = {
			isa = XCBuildConfiguration;
			buildSettings = {
				ALWAYS_SEARCH_USER_PATHS = NO;
				ASSETCATALOG_COMPILER_GENERATE_SWIFT_ASSET_SYMBOL_EXTENSIONS = YES;
				CLANG_ANALYZER_NONNULL = YES;
				CLANG_ANALYZER_NUMBER_OBJECT_CONVERSION = YES_AGGRESSIVE;
				CLANG_CXX_LANGUAGE_STANDARD = "gnu++20";
				CLANG_ENABLE_MODULES = YES;
				CLANG_ENABLE_OBJC_ARC = YES;
				CLANG_ENABLE_OBJC_WEAK = YES;
				CLANG_WARN_BLOCK_CAPTURE_AUTORELEASING = YES;
				CLANG_WARN_BOOL_CONVERSION = YES;
				CLANG_WARN_COMMA = YES;
				CLANG_WARN_CONSTANT_CONVERSION = YES;
				CLANG_WARN_DEPRECATED_OBJC_IMPLEMENTATIONS = YES;
				CLANG_WARN_DIRECT_OBJC_ISA_USAGE = YES_ERROR;
				CLANG_WARN_DOCUMENTATION_COMMENTS = YES;
				CLANG_WARN_EMPTY_BODY = YES;
				CLANG_WARN_ENUM_CONVERSION = YES;
				CLANG_WARN_INFINITE_RECURSION = YES;
				CLANG_WARN_INT_CONVERSION = YES;
				CLANG_WARN_NON_LITERAL_NULL_CONVERSION = YES;
				CLANG_WARN_OBJC_IMPLICIT_RETAIN_SELF = YES;
				CLANG_WARN_OBJC_LITERAL_CONVERSION = YES;
				CLANG_WARN_OBJC_ROOT_CLASS = YES_ERROR;
				CLANG_WARN_QUOTED_INCLUDE_IN_FRAMEWORK_HEADER = YES;
				CLANG_WARN_RANGE_LOOP_ANALYSIS = YES;
				CLANG_WARN_STRICT_PROTOTYPES = YES;
				CLANG_WARN_SUSPICIOUS_MOVE = YES;
				CLANG_WARN_UNGUARDED_AVAILABILITY = YES_AGGRESSIVE;
				CLANG_WARN_UNREACHABLE_CODE = YES;
				CLANG_WARN__DUPLICATE_METHOD_MATCH = YES;
				COPY_PHASE_STRIP = NO;
				DEBUG_INFORMATION_FORMAT = dwarf;
				ENABLE_STRICT_OBJC_MSGSEND = YES;
				ENABLE_TESTABILITY = YES;
				ENABLE_USER_SCRIPT_SANDBOXING = YES;
				GCC_C_LANGUAGE_STANDARD = gnu17;
				GCC_DYNAMIC_NO_PIC = NO;
				GCC_NO_COMMON_BLOCKS = YES;
				GCC_OPTIMIZATION_LEVEL = 0;
				GCC_PREPROCESSOR_DEFINITIONS = (
					"DEBUG=1",
					"$(inherited)",
				);
				GCC_WARN_64_TO_32_BIT_CONVERSION = YES;
				GCC_WARN_ABOUT_RETURN_TYPE = YES_ERROR;
				GCC_WARN_UNDECLARED_SELECTOR = YES;
				GCC_WARN_UNINITIALIZED_AUTOS = YES_AGGRESSIVE;
				GCC_WARN_UNUSED_FUNCTION = YES;
				GCC_WARN_UNUSED_VARIABLE = YES;
				IPHONEOS_DEPLOYMENT_TARGET = 17.2;
				LOCALIZATION_PREFERS_STRING_CATALOGS = YES;
				MTL_ENABLE_DEBUG_INFO = INCLUDE_SOURCE;
				MTL_FAST_MATH = YES;
				ONLY_ACTIVE_ARCH = YES;
				SDKROOT = iphoneos;
				SWIFT_ACTIVE_COMPILATION_CONDITIONS = "DEBUG $(inherited)";
				SWIFT_OPTIMIZATION_LEVEL = "-Onone";
			};
			name = Debug;
		};
		049014CE2B5CCAC3002BCCDD /* Release */ = {
			isa = XCBuildConfiguration;
			buildSettings = {
				ALWAYS_SEARCH_USER_PATHS = NO;
				ASSETCATALOG_COMPILER_GENERATE_SWIFT_ASSET_SYMBOL_EXTENSIONS = YES;
				CLANG_ANALYZER_NONNULL = YES;
				CLANG_ANALYZER_NUMBER_OBJECT_CONVERSION = YES_AGGRESSIVE;
				CLANG_CXX_LANGUAGE_STANDARD = "gnu++20";
				CLANG_ENABLE_MODULES = YES;
				CLANG_ENABLE_OBJC_ARC = YES;
				CLANG_ENABLE_OBJC_WEAK = YES;
				CLANG_WARN_BLOCK_CAPTURE_AUTORELEASING = YES;
				CLANG_WARN_BOOL_CONVERSION = YES;
				CLANG_WARN_COMMA = YES;
				CLANG_WARN_CONSTANT_CONVERSION = YES;
				CLANG_WARN_DEPRECATED_OBJC_IMPLEMENTATIONS = YES;
				CLANG_WARN_DIRECT_OBJC_ISA_USAGE = YES_ERROR;
				CLANG_WARN_DOCUMENTATION_COMMENTS = YES;
				CLANG_WARN_EMPTY_BODY = YES;
				CLANG_WARN_ENUM_CONVERSION = YES;
				CLANG_WARN_INFINITE_RECURSION = YES;
				CLANG_WARN_INT_CONVERSION = YES;
				CLANG_WARN_NON_LITERAL_NULL_CONVERSION = YES;
				CLANG_WARN_OBJC_IMPLICIT_RETAIN_SELF = YES;
				CLANG_WARN_OBJC_LITERAL_CONVERSION = YES;
				CLANG_WARN_OBJC_ROOT_CLASS = YES_ERROR;
				CLANG_WARN_QUOTED_INCLUDE_IN_FRAMEWORK_HEADER = YES;
				CLANG_WARN_RANGE_LOOP_ANALYSIS = YES;
				CLANG_WARN_STRICT_PROTOTYPES = YES;
				CLANG_WARN_SUSPICIOUS_MOVE = YES;
				CLANG_WARN_UNGUARDED_AVAILABILITY = YES_AGGRESSIVE;
				CLANG_WARN_UNREACHABLE_CODE = YES;
				CLANG_WARN__DUPLICATE_METHOD_MATCH = YES;
				COPY_PHASE_STRIP = NO;
				DEBUG_INFORMATION_FORMAT = "dwarf-with-dsym";
				ENABLE_NS_ASSERTIONS = NO;
				ENABLE_STRICT_OBJC_MSGSEND = YES;
				ENABLE_USER_SCRIPT_SANDBOXING = YES;
				GCC_C_LANGUAGE_STANDARD = gnu17;
				GCC_NO_COMMON_BLOCKS = YES;
				GCC_WARN_64_TO_32_BIT_CONVERSION = YES;
				GCC_WARN_ABOUT_RETURN_TYPE = YES_ERROR;
				GCC_WARN_UNDECLARED_SELECTOR = YES;
				GCC_WARN_UNINITIALIZED_AUTOS = YES_AGGRESSIVE;
				GCC_WARN_UNUSED_FUNCTION = YES;
				GCC_WARN_UNUSED_VARIABLE = YES;
				IPHONEOS_DEPLOYMENT_TARGET = 17.2;
				LOCALIZATION_PREFERS_STRING_CATALOGS = YES;
				MTL_ENABLE_DEBUG_INFO = NO;
				MTL_FAST_MATH = YES;
				SDKROOT = iphoneos;
				SWIFT_COMPILATION_MODE = wholemodule;
				VALIDATE_PRODUCT = YES;
			};
			name = Release;
		};
		049014D02B5CCAC3002BCCDD /* Debug */ = {
			isa = XCBuildConfiguration;
			buildSettings = {
				ASSETCATALOG_COMPILER_APPICON_NAME = AppIcon;
				ASSETCATALOG_COMPILER_GLOBAL_ACCENT_COLOR_NAME = AccentColor;
				CODE_SIGN_STYLE = Automatic;
				CURRENT_PROJECT_VERSION = 1;
				GENERATE_INFOPLIST_FILE = YES;
				INFOPLIST_FILE = RickAndMortyApp/Info.plist;
				INFOPLIST_KEY_UIApplicationSupportsIndirectInputEvents = YES;
				INFOPLIST_KEY_UILaunchStoryboardName = LaunchScreen;
				INFOPLIST_KEY_UISupportedInterfaceOrientations_iPad = "UIInterfaceOrientationPortrait UIInterfaceOrientationPortraitUpsideDown UIInterfaceOrientationLandscapeLeft UIInterfaceOrientationLandscapeRight";
				INFOPLIST_KEY_UISupportedInterfaceOrientations_iPhone = "UIInterfaceOrientationPortrait UIInterfaceOrientationLandscapeLeft UIInterfaceOrientationLandscapeRight";
				LD_RUNPATH_SEARCH_PATHS = (
					"$(inherited)",
					"@executable_path/Frameworks",
				);
				MARKETING_VERSION = 1.0;
				PRODUCT_BUNDLE_IDENTIFIER = ITI.RickAndMorty;
				PRODUCT_NAME = "$(TARGET_NAME)";
				SWIFT_EMIT_LOC_STRINGS = YES;
				SWIFT_VERSION = 5.0;
				TARGETED_DEVICE_FAMILY = "1,2";
			};
			name = Debug;
		};
		049014D12B5CCAC3002BCCDD /* Release */ = {
			isa = XCBuildConfiguration;
			buildSettings = {
				ASSETCATALOG_COMPILER_APPICON_NAME = AppIcon;
				ASSETCATALOG_COMPILER_GLOBAL_ACCENT_COLOR_NAME = AccentColor;
				CODE_SIGN_STYLE = Automatic;
				CURRENT_PROJECT_VERSION = 1;
				GENERATE_INFOPLIST_FILE = YES;
				INFOPLIST_FILE = RickAndMortyApp/Info.plist;
				INFOPLIST_KEY_UIApplicationSupportsIndirectInputEvents = YES;
				INFOPLIST_KEY_UILaunchStoryboardName = LaunchScreen;
				INFOPLIST_KEY_UISupportedInterfaceOrientations_iPad = "UIInterfaceOrientationPortrait UIInterfaceOrientationPortraitUpsideDown UIInterfaceOrientationLandscapeLeft UIInterfaceOrientationLandscapeRight";
				INFOPLIST_KEY_UISupportedInterfaceOrientations_iPhone = "UIInterfaceOrientationPortrait UIInterfaceOrientationLandscapeLeft UIInterfaceOrientationLandscapeRight";
				LD_RUNPATH_SEARCH_PATHS = (
					"$(inherited)",
					"@executable_path/Frameworks",
				);
				MARKETING_VERSION = 1.0;
				PRODUCT_BUNDLE_IDENTIFIER = ITI.RickAndMorty;
				PRODUCT_NAME = "$(TARGET_NAME)";
				SWIFT_EMIT_LOC_STRINGS = YES;
				SWIFT_VERSION = 5.0;
				TARGETED_DEVICE_FAMILY = "1,2";
			};
			name = Release;
		};
/* End XCBuildConfiguration section */

/* Begin XCConfigurationList section */
		049014B62B5CCAC0002BCCDD /* Build configuration list for PBXProject "RickAndMorty" */ = {
			isa = XCConfigurationList;
			buildConfigurations = (
				049014CD2B5CCAC3002BCCDD /* Debug */,
				049014CE2B5CCAC3002BCCDD /* Release */,
			);
			defaultConfigurationIsVisible = 0;
			defaultConfigurationName = Release;
		};
		049014CF2B5CCAC3002BCCDD /* Build configuration list for PBXNativeTarget "RickAndMorty" */ = {
			isa = XCConfigurationList;
			buildConfigurations = (
				049014D02B5CCAC3002BCCDD /* Debug */,
				049014D12B5CCAC3002BCCDD /* Release */,
			);
			defaultConfigurationIsVisible = 0;
			defaultConfigurationName = Release;
		};
/* End XCConfigurationList section */
	};
	rootObject = 049014B32B5CCAC0002BCCDD /* Project object */;
}
